// !$*UTF8*$!
{
	archiveVersion = 1;
	classes = {
	};
	objectVersion = 46;
	objects = {

/* Begin PBXBuildFile section */
		2797652F1FB309C6004ABB4D /* XivelySDK.framework in Frameworks */ = {isa = PBXBuildFile; fileRef = 279765281FB309BC004ABB4D /* XivelySDK.framework */; };
		337081E61D9A68DE00C90059 /* main.m in Sources */ = {isa = PBXBuildFile; fileRef = 337081E51D9A68DE00C90059 /* main.m */; };
		337081E91D9A68DE00C90059 /* AppDelegate.m in Sources */ = {isa = PBXBuildFile; fileRef = 337081E81D9A68DE00C90059 /* AppDelegate.m */; };
		337081EC1D9A68DE00C90059 /* MasterViewController.m in Sources */ = {isa = PBXBuildFile; fileRef = 337081EB1D9A68DE00C90059 /* MasterViewController.m */; };
		337081EF1D9A68DE00C90059 /* DetailViewController.m in Sources */ = {isa = PBXBuildFile; fileRef = 337081EE1D9A68DE00C90059 /* DetailViewController.m */; };
		337081F21D9A68DE00C90059 /* Main.storyboard in Resources */ = {isa = PBXBuildFile; fileRef = 337081F01D9A68DE00C90059 /* Main.storyboard */; };
		337081F41D9A68DE00C90059 /* Assets.xcassets in Resources */ = {isa = PBXBuildFile; fileRef = 337081F31D9A68DE00C90059 /* Assets.xcassets */; };
		337081F71D9A68DE00C90059 /* LaunchScreen.storyboard in Resources */ = {isa = PBXBuildFile; fileRef = 337081F51D9A68DE00C90059 /* LaunchScreen.storyboard */; };
		337082001D9A6A9A00C90059 /* LoginViewController.m in Sources */ = {isa = PBXBuildFile; fileRef = 337081FF1D9A6A9A00C90059 /* LoginViewController.m */; };
		337082061D9A71E000C90059 /* XivelyService.m in Sources */ = {isa = PBXBuildFile; fileRef = 337082051D9A71E000C90059 /* XivelyService.m */; };
		33FD25501DA54FB2002E705A /* header_logo.png in Resources */ = {isa = PBXBuildFile; fileRef = 33FD254F1DA54FB2002E705A /* header_logo.png */; };
		6B43BB9A1DA4F2BC0090B7E8 /* ChannelViewController.m in Sources */ = {isa = PBXBuildFile; fileRef = 6B43BB991DA4F2BC0090B7E8 /* ChannelViewController.m */; };
		6B43BBA31DA78B340090B7E8 /* MessageViewController.m in Sources */ = {isa = PBXBuildFile; fileRef = 6B43BBA21DA78B340090B7E8 /* MessageViewController.m */; };
		6B607ABF1DB7BA8100C0E00C /* SettingsController.m in Sources */ = {isa = PBXBuildFile; fileRef = 6B607ABE1DB7BA8100C0E00C /* SettingsController.m */; };
/* End PBXBuildFile section */

/* Begin PBXContainerItemProxy section */
		279765251FB309BC004ABB4D /* PBXContainerItemProxy */ = {
			isa = PBXContainerItemProxy;
			containerPortal = 2797651E1FB309BC004ABB4D /* XivelySDK.xcodeproj */;
			proxyType = 2;
			remoteGlobalIDString = F6DBF47C1A66830200EE309D;
			remoteInfo = libXivelySDK;
		};
		279765271FB309BC004ABB4D /* PBXContainerItemProxy */ = {
			isa = PBXContainerItemProxy;
			containerPortal = 2797651E1FB309BC004ABB4D /* XivelySDK.xcodeproj */;
			proxyType = 2;
			remoteGlobalIDString = 279620ED1FB2F8C100E70118;
			remoteInfo = XivelySDK;
		};
		279765291FB309BC004ABB4D /* PBXContainerItemProxy */ = {
			isa = PBXContainerItemProxy;
			containerPortal = 2797651E1FB309BC004ABB4D /* XivelySDK.xcodeproj */;
			proxyType = 2;
			remoteGlobalIDString = F6DBF4871A66830200EE309D;
			remoteInfo = XivelySDKTests;
		};
		2797652B1FB309BC004ABB4D /* PBXContainerItemProxy */ = {
			isa = PBXContainerItemProxy;
			containerPortal = 2797651E1FB309BC004ABB4D /* XivelySDK.xcodeproj */;
			proxyType = 2;
			remoteGlobalIDString = 270BAFD91BC66CDB0079D654;
			remoteInfo = XivelySDKE2ETests;
		};
		2797652D1FB309C2004ABB4D /* PBXContainerItemProxy */ = {
			isa = PBXContainerItemProxy;
			containerPortal = 2797651E1FB309BC004ABB4D /* XivelySDK.xcodeproj */;
			proxyType = 1;
			remoteGlobalIDString = 279620EC1FB2F8C100E70118;
			remoteInfo = XivelySDK;
		};
/* End PBXContainerItemProxy section */

/* Begin PBXCopyFilesBuildPhase section */
		275E7F451FB330DF000EEFFB /* CopyFiles */ = {
			isa = PBXCopyFilesBuildPhase;
			buildActionMask = 2147483647;
			dstPath = "";
			dstSubfolderSpec = 10;
			files = (
			);
			runOnlyForDeploymentPostprocessing = 0;
		};
/* End PBXCopyFilesBuildPhase section */

/* Begin PBXFileReference section */
		2797651E1FB309BC004ABB4D /* XivelySDK.xcodeproj */ = {isa = PBXFileReference; lastKnownFileType = "wrapper.pb-project"; name = XivelySDK.xcodeproj; path = ../XivelySDKiOS/src/XivelySDK/XivelySDK.xcodeproj; sourceTree = "<group>"; };
		337081E11D9A68DE00C90059 /* XivelySDKDemo.app */ = {isa = PBXFileReference; explicitFileType = wrapper.application; includeInIndex = 0; path = XivelySDKDemo.app; sourceTree = BUILT_PRODUCTS_DIR; };
		337081E51D9A68DE00C90059 /* main.m */ = {isa = PBXFileReference; lastKnownFileType = sourcecode.c.objc; path = main.m; sourceTree = "<group>"; };
		337081E71D9A68DE00C90059 /* AppDelegate.h */ = {isa = PBXFileReference; lastKnownFileType = sourcecode.c.h; path = AppDelegate.h; sourceTree = "<group>"; };
		337081E81D9A68DE00C90059 /* AppDelegate.m */ = {isa = PBXFileReference; lastKnownFileType = sourcecode.c.objc; path = AppDelegate.m; sourceTree = "<group>"; };
		337081EA1D9A68DE00C90059 /* MasterViewController.h */ = {isa = PBXFileReference; lastKnownFileType = sourcecode.c.h; path = MasterViewController.h; sourceTree = "<group>"; };
		337081EB1D9A68DE00C90059 /* MasterViewController.m */ = {isa = PBXFileReference; lastKnownFileType = sourcecode.c.objc; path = MasterViewController.m; sourceTree = "<group>"; };
		337081ED1D9A68DE00C90059 /* DetailViewController.h */ = {isa = PBXFileReference; lastKnownFileType = sourcecode.c.h; path = DetailViewController.h; sourceTree = "<group>"; };
		337081EE1D9A68DE00C90059 /* DetailViewController.m */ = {isa = PBXFileReference; lastKnownFileType = sourcecode.c.objc; path = DetailViewController.m; sourceTree = "<group>"; };
		337081F11D9A68DE00C90059 /* Base */ = {isa = PBXFileReference; lastKnownFileType = file.storyboard; name = Base; path = Base.lproj/Main.storyboard; sourceTree = "<group>"; };
		337081F31D9A68DE00C90059 /* Assets.xcassets */ = {isa = PBXFileReference; lastKnownFileType = folder.assetcatalog; path = Assets.xcassets; sourceTree = "<group>"; };
		337081F61D9A68DE00C90059 /* Base */ = {isa = PBXFileReference; lastKnownFileType = file.storyboard; name = Base; path = Base.lproj/LaunchScreen.storyboard; sourceTree = "<group>"; };
		337081F81D9A68DE00C90059 /* Info.plist */ = {isa = PBXFileReference; lastKnownFileType = text.plist.xml; path = Info.plist; sourceTree = "<group>"; };
		337081FE1D9A6A9A00C90059 /* LoginViewController.h */ = {isa = PBXFileReference; fileEncoding = 4; lastKnownFileType = sourcecode.c.h; path = LoginViewController.h; sourceTree = "<group>"; };
		337081FF1D9A6A9A00C90059 /* LoginViewController.m */ = {isa = PBXFileReference; fileEncoding = 4; lastKnownFileType = sourcecode.c.objc; path = LoginViewController.m; sourceTree = "<group>"; };
		337082041D9A71E000C90059 /* XivelyService.h */ = {isa = PBXFileReference; fileEncoding = 4; lastKnownFileType = sourcecode.c.h; path = XivelyService.h; sourceTree = "<group>"; };
		337082051D9A71E000C90059 /* XivelyService.m */ = {isa = PBXFileReference; fileEncoding = 4; lastKnownFileType = sourcecode.c.objc; path = XivelyService.m; sourceTree = "<group>"; };
		33FD254F1DA54FB2002E705A /* header_logo.png */ = {isa = PBXFileReference; lastKnownFileType = image.png; path = header_logo.png; sourceTree = "<group>"; };
		6B43BB981DA4F2BC0090B7E8 /* ChannelViewController.h */ = {isa = PBXFileReference; fileEncoding = 4; lastKnownFileType = sourcecode.c.h; path = ChannelViewController.h; sourceTree = "<group>"; };
		6B43BB991DA4F2BC0090B7E8 /* ChannelViewController.m */ = {isa = PBXFileReference; fileEncoding = 4; lastKnownFileType = sourcecode.c.objc; path = ChannelViewController.m; sourceTree = "<group>"; };
		6B43BBA11DA78B340090B7E8 /* MessageViewController.h */ = {isa = PBXFileReference; fileEncoding = 4; lastKnownFileType = sourcecode.c.h; path = MessageViewController.h; sourceTree = "<group>"; };
		6B43BBA21DA78B340090B7E8 /* MessageViewController.m */ = {isa = PBXFileReference; fileEncoding = 4; lastKnownFileType = sourcecode.c.objc; path = MessageViewController.m; sourceTree = "<group>"; };
		6B607ABD1DB7BA8100C0E00C /* SettingsController.h */ = {isa = PBXFileReference; fileEncoding = 4; lastKnownFileType = sourcecode.c.h; path = SettingsController.h; sourceTree = "<group>"; };
		6B607ABE1DB7BA8100C0E00C /* SettingsController.m */ = {isa = PBXFileReference; fileEncoding = 4; lastKnownFileType = sourcecode.c.objc; path = SettingsController.m; sourceTree = "<group>"; };
/* End PBXFileReference section */

/* Begin PBXFrameworksBuildPhase section */
		337081DE1D9A68DE00C90059 /* Frameworks */ = {
			isa = PBXFrameworksBuildPhase;
			buildActionMask = 2147483647;
			files = (
				2797652F1FB309C6004ABB4D /* XivelySDK.framework in Frameworks */,
			);
			runOnlyForDeploymentPostprocessing = 0;
		};
/* End PBXFrameworksBuildPhase section */

/* Begin PBXGroup section */
		277ADF211FB3032400BC7B82 /* Frameworks */ = {
			isa = PBXGroup;
			children = (
			);
			name = Frameworks;
			sourceTree = "<group>";
		};
		2797651F1FB309BC004ABB4D /* Products */ = {
			isa = PBXGroup;
			children = (
				279765261FB309BC004ABB4D /* liblibXivelySDK.a */,
				279765281FB309BC004ABB4D /* XivelySDK.framework */,
				2797652A1FB309BC004ABB4D /* XivelySDKTests.xctest */,
				2797652C1FB309BC004ABB4D /* XivelySDKE2ETests.xctest */,
			);
			name = Products;
			sourceTree = "<group>";
		};
		337081D81D9A68DE00C90059 = {
			isa = PBXGroup;
			children = (
				2797651E1FB309BC004ABB4D /* XivelySDK.xcodeproj */,
				337081E31D9A68DE00C90059 /* XivelySDKDemo */,
				337081E21D9A68DE00C90059 /* Products */,
				277ADF211FB3032400BC7B82 /* Frameworks */,
			);
			sourceTree = "<group>";
		};
		337081E21D9A68DE00C90059 /* Products */ = {
			isa = PBXGroup;
			children = (
				337081E11D9A68DE00C90059 /* XivelySDKDemo.app */,
			);
			name = Products;
			sourceTree = "<group>";
		};
		337081E31D9A68DE00C90059 /* XivelySDKDemo */ = {
			isa = PBXGroup;
			children = (
				337081E71D9A68DE00C90059 /* AppDelegate.h */,
				337081E81D9A68DE00C90059 /* AppDelegate.m */,
				337081EA1D9A68DE00C90059 /* MasterViewController.h */,
				337081EB1D9A68DE00C90059 /* MasterViewController.m */,
				337082041D9A71E000C90059 /* XivelyService.h */,
				337082051D9A71E000C90059 /* XivelyService.m */,
				337081ED1D9A68DE00C90059 /* DetailViewController.h */,
				337081EE1D9A68DE00C90059 /* DetailViewController.m */,
				337081F01D9A68DE00C90059 /* Main.storyboard */,
				337081F31D9A68DE00C90059 /* Assets.xcassets */,
				337081F51D9A68DE00C90059 /* LaunchScreen.storyboard */,
				337081F81D9A68DE00C90059 /* Info.plist */,
				337081E41D9A68DE00C90059 /* Supporting Files */,
				337081FE1D9A6A9A00C90059 /* LoginViewController.h */,
				337081FF1D9A6A9A00C90059 /* LoginViewController.m */,
				6B43BB981DA4F2BC0090B7E8 /* ChannelViewController.h */,
				6B43BB991DA4F2BC0090B7E8 /* ChannelViewController.m */,
				6B43BBA11DA78B340090B7E8 /* MessageViewController.h */,
				6B43BBA21DA78B340090B7E8 /* MessageViewController.m */,
				6B607ABD1DB7BA8100C0E00C /* SettingsController.h */,
				6B607ABE1DB7BA8100C0E00C /* SettingsController.m */,
			);
			path = XivelySDKDemo;
			sourceTree = "<group>";
		};
		337081E41D9A68DE00C90059 /* Supporting Files */ = {
			isa = PBXGroup;
			children = (
				33FD254F1DA54FB2002E705A /* header_logo.png */,
				337081E51D9A68DE00C90059 /* main.m */,
			);
			name = "Supporting Files";
			sourceTree = "<group>";
		};
/* End PBXGroup section */

/* Begin PBXNativeTarget section */
		337081E01D9A68DE00C90059 /* XivelySDKDemo */ = {
			isa = PBXNativeTarget;
			buildConfigurationList = 337081FB1D9A68DE00C90059 /* Build configuration list for PBXNativeTarget "XivelySDKDemo" */;
			buildPhases = (
				337081DD1D9A68DE00C90059 /* Sources */,
				337081DE1D9A68DE00C90059 /* Frameworks */,
				337081DF1D9A68DE00C90059 /* Resources */,
				275E7F451FB330DF000EEFFB /* CopyFiles */,
			);
			buildRules = (
			);
			dependencies = (
				2797652E1FB309C2004ABB4D /* PBXTargetDependency */,
			);
			name = XivelySDKDemo;
			productName = XivelySDKDemo;
			productReference = 337081E11D9A68DE00C90059 /* XivelySDKDemo.app */;
			productType = "com.apple.product-type.application";
		};
/* End PBXNativeTarget section */

/* Begin PBXProject section */
		337081D91D9A68DE00C90059 /* Project object */ = {
			isa = PBXProject;
			attributes = {
				LastUpgradeCheck = 0910;
				ORGANIZATIONNAME = LogMeIn;
				TargetAttributes = {
					337081E01D9A68DE00C90059 = {
						CreatedOnToolsVersion = 8.0;
						ProvisioningStyle = Automatic;
					};
				};
			};
			buildConfigurationList = 337081DC1D9A68DE00C90059 /* Build configuration list for PBXProject "XivelySDKDemo" */;
			compatibilityVersion = "Xcode 3.2";
			developmentRegion = English;
			hasScannedForEncodings = 0;
			knownRegions = (
				en,
				Base,
			);
			mainGroup = 337081D81D9A68DE00C90059;
			productRefGroup = 337081E21D9A68DE00C90059 /* Products */;
			projectDirPath = "";
			projectReferences = (
				{
					ProductGroup = 2797651F1FB309BC004ABB4D /* Products */;
					ProjectRef = 2797651E1FB309BC004ABB4D /* XivelySDK.xcodeproj */;
				},
			);
			projectRoot = "";
			targets = (
				337081E01D9A68DE00C90059 /* XivelySDKDemo */,
			);
		};
/* End PBXProject section */

/* Begin PBXReferenceProxy section */
		279765261FB309BC004ABB4D /* liblibXivelySDK.a */ = {
			isa = PBXReferenceProxy;
			fileType = archive.ar;
			path = liblibXivelySDK.a;
			remoteRef = 279765251FB309BC004ABB4D /* PBXContainerItemProxy */;
			sourceTree = BUILT_PRODUCTS_DIR;
		};
		279765281FB309BC004ABB4D /* XivelySDK.framework */ = {
			isa = PBXReferenceProxy;
			fileType = wrapper.framework;
			path = XivelySDK.framework;
			remoteRef = 279765271FB309BC004ABB4D /* PBXContainerItemProxy */;
			sourceTree = BUILT_PRODUCTS_DIR;
		};
		2797652A1FB309BC004ABB4D /* XivelySDKTests.xctest */ = {
			isa = PBXReferenceProxy;
			fileType = wrapper.cfbundle;
			path = XivelySDKTests.xctest;
			remoteRef = 279765291FB309BC004ABB4D /* PBXContainerItemProxy */;
			sourceTree = BUILT_PRODUCTS_DIR;
		};
		2797652C1FB309BC004ABB4D /* XivelySDKE2ETests.xctest */ = {
			isa = PBXReferenceProxy;
			fileType = wrapper.cfbundle;
			path = XivelySDKE2ETests.xctest;
			remoteRef = 2797652B1FB309BC004ABB4D /* PBXContainerItemProxy */;
			sourceTree = BUILT_PRODUCTS_DIR;
		};
/* End PBXReferenceProxy section */

/* Begin PBXResourcesBuildPhase section */
		337081DF1D9A68DE00C90059 /* Resources */ = {
			isa = PBXResourcesBuildPhase;
			buildActionMask = 2147483647;
			files = (
				337081F71D9A68DE00C90059 /* LaunchScreen.storyboard in Resources */,
				337081F41D9A68DE00C90059 /* Assets.xcassets in Resources */,
				337081F21D9A68DE00C90059 /* Main.storyboard in Resources */,
				33FD25501DA54FB2002E705A /* header_logo.png in Resources */,
			);
			runOnlyForDeploymentPostprocessing = 0;
		};
/* End PBXResourcesBuildPhase section */

/* Begin PBXSourcesBuildPhase section */
		337081DD1D9A68DE00C90059 /* Sources */ = {
			isa = PBXSourcesBuildPhase;
			buildActionMask = 2147483647;
			files = (
				6B43BB9A1DA4F2BC0090B7E8 /* ChannelViewController.m in Sources */,
				337081E91D9A68DE00C90059 /* AppDelegate.m in Sources */,
				337081EC1D9A68DE00C90059 /* MasterViewController.m in Sources */,
				337081E61D9A68DE00C90059 /* main.m in Sources */,
				6B43BBA31DA78B340090B7E8 /* MessageViewController.m in Sources */,
				337081EF1D9A68DE00C90059 /* DetailViewController.m in Sources */,
				337082061D9A71E000C90059 /* XivelyService.m in Sources */,
				337082001D9A6A9A00C90059 /* LoginViewController.m in Sources */,
				6B607ABF1DB7BA8100C0E00C /* SettingsController.m in Sources */,
			);
			runOnlyForDeploymentPostprocessing = 0;
		};
/* End PBXSourcesBuildPhase section */

/* Begin PBXTargetDependency section */
		2797652E1FB309C2004ABB4D /* PBXTargetDependency */ = {
			isa = PBXTargetDependency;
			name = XivelySDK;
			targetProxy = 2797652D1FB309C2004ABB4D /* PBXContainerItemProxy */;
		};
/* End PBXTargetDependency section */

/* Begin PBXVariantGroup section */
		337081F01D9A68DE00C90059 /* Main.storyboard */ = {
			isa = PBXVariantGroup;
			children = (
				337081F11D9A68DE00C90059 /* Base */,
			);
			name = Main.storyboard;
			sourceTree = "<group>";
		};
		337081F51D9A68DE00C90059 /* LaunchScreen.storyboard */ = {
			isa = PBXVariantGroup;
			children = (
				337081F61D9A68DE00C90059 /* Base */,
			);
			name = LaunchScreen.storyboard;
			sourceTree = "<group>";
		};
/* End PBXVariantGroup section */

/* Begin XCBuildConfiguration section */
		337081F91D9A68DE00C90059 /* Debug */ = {
			isa = XCBuildConfiguration;
			buildSettings = {
				ALWAYS_SEARCH_USER_PATHS = NO;
				CLANG_ANALYZER_NONNULL = YES;
				CLANG_CXX_LANGUAGE_STANDARD = "gnu++0x";
				CLANG_CXX_LIBRARY = "libc++";
				CLANG_ENABLE_MODULES = YES;
				CLANG_ENABLE_OBJC_ARC = YES;
				CLANG_WARN_BLOCK_CAPTURE_AUTORELEASING = YES;
				CLANG_WARN_BOOL_CONVERSION = YES;
				CLANG_WARN_COMMA = YES;
				CLANG_WARN_CONSTANT_CONVERSION = YES;
				CLANG_WARN_DIRECT_OBJC_ISA_USAGE = YES_ERROR;
				CLANG_WARN_DOCUMENTATION_COMMENTS = YES;
				CLANG_WARN_EMPTY_BODY = YES;
				CLANG_WARN_ENUM_CONVERSION = YES;
				CLANG_WARN_INFINITE_RECURSION = YES;
				CLANG_WARN_INT_CONVERSION = YES;
				CLANG_WARN_NON_LITERAL_NULL_CONVERSION = YES;
				CLANG_WARN_OBJC_LITERAL_CONVERSION = YES;
				CLANG_WARN_OBJC_ROOT_CLASS = YES_ERROR;
				CLANG_WARN_RANGE_LOOP_ANALYSIS = YES;
				CLANG_WARN_STRICT_PROTOTYPES = YES;
				CLANG_WARN_SUSPICIOUS_MOVE = YES;
				CLANG_WARN_SUSPICIOUS_MOVES = YES;
				CLANG_WARN_UNREACHABLE_CODE = YES;
				CLANG_WARN__DUPLICATE_METHOD_MATCH = YES;
				"CODE_SIGN_IDENTITY[sdk=iphoneos*]" = "iPhone Developer";
				COPY_PHASE_STRIP = NO;
				DEBUG_INFORMATION_FORMAT = dwarf;
				ENABLE_STRICT_OBJC_MSGSEND = YES;
				ENABLE_TESTABILITY = YES;
				GCC_C_LANGUAGE_STANDARD = gnu99;
				GCC_DYNAMIC_NO_PIC = NO;
				GCC_NO_COMMON_BLOCKS = YES;
				GCC_OPTIMIZATION_LEVEL = 0;
				GCC_PREPROCESSOR_DEFINITIONS = (
					"DEBUG=1",
					"$(inherited)",
				);
				GCC_WARN_64_TO_32_BIT_CONVERSION = YES;
				GCC_WARN_ABOUT_RETURN_TYPE = YES_ERROR;
				GCC_WARN_UNDECLARED_SELECTOR = YES;
				GCC_WARN_UNINITIALIZED_AUTOS = YES_AGGRESSIVE;
				GCC_WARN_UNUSED_FUNCTION = YES;
				GCC_WARN_UNUSED_VARIABLE = YES;
				IPHONEOS_DEPLOYMENT_TARGET = 10.0;
				MTL_ENABLE_DEBUG_INFO = YES;
				ONLY_ACTIVE_ARCH = YES;
				SDKROOT = iphoneos;
				TARGETED_DEVICE_FAMILY = "1,2";
			};
			name = Debug;
		};
		337081FA1D9A68DE00C90059 /* Release */ = {
			isa = XCBuildConfiguration;
			buildSettings = {
				ALWAYS_SEARCH_USER_PATHS = NO;
				CLANG_ANALYZER_NONNULL = YES;
				CLANG_CXX_LANGUAGE_STANDARD = "gnu++0x";
				CLANG_CXX_LIBRARY = "libc++";
				CLANG_ENABLE_MODULES = YES;
				CLANG_ENABLE_OBJC_ARC = YES;
				CLANG_WARN_BLOCK_CAPTURE_AUTORELEASING = YES;
				CLANG_WARN_BOOL_CONVERSION = YES;
				CLANG_WARN_COMMA = YES;
				CLANG_WARN_CONSTANT_CONVERSION = YES;
				CLANG_WARN_DIRECT_OBJC_ISA_USAGE = YES_ERROR;
				CLANG_WARN_DOCUMENTATION_COMMENTS = YES;
				CLANG_WARN_EMPTY_BODY = YES;
				CLANG_WARN_ENUM_CONVERSION = YES;
				CLANG_WARN_INFINITE_RECURSION = YES;
				CLANG_WARN_INT_CONVERSION = YES;
				CLANG_WARN_NON_LITERAL_NULL_CONVERSION = YES;
				CLANG_WARN_OBJC_LITERAL_CONVERSION = YES;
				CLANG_WARN_OBJC_ROOT_CLASS = YES_ERROR;
				CLANG_WARN_RANGE_LOOP_ANALYSIS = YES;
				CLANG_WARN_STRICT_PROTOTYPES = YES;
				CLANG_WARN_SUSPICIOUS_MOVE = YES;
				CLANG_WARN_SUSPICIOUS_MOVES = YES;
				CLANG_WARN_UNREACHABLE_CODE = YES;
				CLANG_WARN__DUPLICATE_METHOD_MATCH = YES;
				"CODE_SIGN_IDENTITY[sdk=iphoneos*]" = "iPhone Developer";
				COPY_PHASE_STRIP = NO;
				DEBUG_INFORMATION_FORMAT = "dwarf-with-dsym";
				ENABLE_NS_ASSERTIONS = NO;
				ENABLE_STRICT_OBJC_MSGSEND = YES;
				GCC_C_LANGUAGE_STANDARD = gnu99;
				GCC_NO_COMMON_BLOCKS = YES;
				GCC_WARN_64_TO_32_BIT_CONVERSION = YES;
				GCC_WARN_ABOUT_RETURN_TYPE = YES_ERROR;
				GCC_WARN_UNDECLARED_SELECTOR = YES;
				GCC_WARN_UNINITIALIZED_AUTOS = YES_AGGRESSIVE;
				GCC_WARN_UNUSED_FUNCTION = YES;
				GCC_WARN_UNUSED_VARIABLE = YES;
				IPHONEOS_DEPLOYMENT_TARGET = 10.0;
				MTL_ENABLE_DEBUG_INFO = NO;
				SDKROOT = iphoneos;
				TARGETED_DEVICE_FAMILY = "1,2";
				VALIDATE_PRODUCT = YES;
			};
			name = Release;
		};
		337081FC1D9A68DE00C90059 /* Debug */ = {
			isa = XCBuildConfiguration;
			buildSettings = {
				ASSETCATALOG_COMPILER_APPICON_NAME = AppIcon;
				FRAMEWORK_SEARCH_PATHS = (
					"$(inherited)",
					"$(PROJECT_DIR)/XivelySDKDemo",
				);
				INFOPLIST_FILE = XivelySDKDemo/Info.plist;
				LD_RUNPATH_SEARCH_PATHS = "$(inherited) @executable_path/Frameworks";
				OTHER_LDFLAGS = "-ObjC";
				PRODUCT_BUNDLE_IDENTIFIER = com.logmein.XivelySDKDemo;
				PRODUCT_NAME = "$(TARGET_NAME)";
			};
			name = Debug;
		};
		337081FD1D9A68DE00C90059 /* Release */ = {
			isa = XCBuildConfiguration;
			buildSettings = {
				ASSETCATALOG_COMPILER_APPICON_NAME = AppIcon;
				FRAMEWORK_SEARCH_PATHS = (
					"$(inherited)",
					"$(PROJECT_DIR)/XivelySDKDemo",
				);
				INFOPLIST_FILE = XivelySDKDemo/Info.plist;
				LD_RUNPATH_SEARCH_PATHS = "$(inherited) @executable_path/Frameworks";
				OTHER_LDFLAGS = "-ObjC";
				PRODUCT_BUNDLE_IDENTIFIER = com.logmein.XivelySDKDemo;
				PRODUCT_NAME = "$(TARGET_NAME)";
			};
			name = Release;
		};
/* End XCBuildConfiguration section */

/* Begin XCConfigurationList section */
		337081DC1D9A68DE00C90059 /* Build configuration list for PBXProject "XivelySDKDemo" */ = {
			isa = XCConfigurationList;
			buildConfigurations = (
				337081F91D9A68DE00C90059 /* Debug */,
				337081FA1D9A68DE00C90059 /* Release */,
			);
			defaultConfigurationIsVisible = 0;
			defaultConfigurationName = Release;
		};
		337081FB1D9A68DE00C90059 /* Build configuration list for PBXNativeTarget "XivelySDKDemo" */ = {
			isa = XCConfigurationList;
			buildConfigurations = (
				337081FC1D9A68DE00C90059 /* Debug */,
				337081FD1D9A68DE00C90059 /* Release */,
			);
			defaultConfigurationIsVisible = 0;
			defaultConfigurationName = Release;
		};
/* End XCConfigurationList section */
	};
	rootObject = 337081D91D9A68DE00C90059 /* Project object */;
}
