// !$*UTF8*$!
{
	archiveVersion = 1;
	classes = {
	};
	objectVersion = 46;
	objects = {

/* Begin PBXAggregateTarget section */
		F63B9D381A8CA6F200774106 /* Test All */ = {
			isa = PBXAggregateTarget;
			buildConfigurationList = F63B9D3B1A8CA6F200774106 /* Build configuration list for PBXAggregateTarget "Test All" */;
			buildPhases = (
				F63B9D3C1A8CA6FE00774106 /* ShellScript */,
			);
			dependencies = (
			);
			name = "Test All";
			productName = "Test All";
		};
		F63FF8721A8B6C6F0071B8B5 /* Build Debug All */ = {
			isa = PBXAggregateTarget;
			buildConfigurationList = F63FF8751A8B6C6F0071B8B5 /* Build configuration list for PBXAggregateTarget "Build Debug All" */;
			buildPhases = (
				F63FF8771A8B6D430071B8B5 /* ShellScript */,
			);
			dependencies = (
			);
			name = "Build Debug All";
			productName = "Build All Debug";
		};
		F64A013D1AD6A4110003CFDA /* Build */ = {
			isa = PBXAggregateTarget;
			buildConfigurationList = F64A013E1AD6A4110003CFDA /* Build configuration list for PBXAggregateTarget "Build" */;
			buildPhases = (
				F64A014D1AD6A47C0003CFDA /* ShellScript */,
			);
			dependencies = (
			);
			name = Build;
			productName = "Build All Stage";
		};
		F64A01411AD6A41C0003CFDA /* Build Selector */ = {
			isa = PBXAggregateTarget;
			buildConfigurationList = F64A01421AD6A41C0003CFDA /* Build configuration list for PBXAggregateTarget "Build Selector" */;
			buildPhases = (
				F64A014E1AD6A4900003CFDA /* ShellScript */,
			);
			dependencies = (
			);
			name = "Build Selector";
			productName = "Build All Dev";
		};
		F64A01451AD6A44C0003CFDA /* Build Debug */ = {
			isa = PBXAggregateTarget;
			buildConfigurationList = F64A01461AD6A44C0003CFDA /* Build configuration list for PBXAggregateTarget "Build Debug" */;
			buildPhases = (
				F64A014F1AD6A5130003CFDA /* ShellScript */,
			);
			dependencies = (
			);
			name = "Build Debug";
			productName = "Build Stage Debug";
		};
		F64A01491AD6A4570003CFDA /* Build Selector Debug */ = {
			isa = PBXAggregateTarget;
			buildConfigurationList = F64A014A1AD6A4570003CFDA /* Build configuration list for PBXAggregateTarget "Build Selector Debug" */;
			buildPhases = (
				F64A01501AD6A57B0003CFDA /* ShellScript */,
			);
			dependencies = (
			);
			name = "Build Selector Debug";
			productName = "Build Dev Debug";
		};
		F67742D21A697AC100AA2F0E /* Build All */ = {
			isa = PBXAggregateTarget;
			buildConfigurationList = F67742D31A697AC100AA2F0E /* Build configuration list for PBXAggregateTarget "Build All" */;
			buildPhases = (
				F638BD331A6D108700E26790 /* ShellScript */,
			);
			dependencies = (
			);
			name = "Build All";
			productName = "Build All";
		};
/* End PBXAggregateTarget section */

/* Begin PBXFileReference section */
		F6BEFB661A7295E5007214AC /* Info.plist */ = {isa = PBXFileReference; lastKnownFileType = text.plist.xml; path = Info.plist; sourceTree = "<group>"; };
		F6F6F6001A6D2CFD0012C87E /* xem-sdk.xcconfig */ = {isa = PBXFileReference; fileEncoding = 4; lastKnownFileType = text.xcconfig; lineEnding = 0; name = "xem-sdk.xcconfig"; path = "../../xem-sdk.xcconfig"; sourceTree = "<group>"; };
/* End PBXFileReference section */

/* Begin PBXGroup section */
		F67742CB1A697A8900AA2F0E = {
			isa = PBXGroup;
			children = (
				F6F6F6001A6D2CFD0012C87E /* xem-sdk.xcconfig */,
				F6BEFB641A7295E5007214AC /* Build All Tests */,
				F6BEFB631A7295E5007214AC /* Products */,
			);
			sourceTree = "<group>";
		};
		F6BEFB631A7295E5007214AC /* Products */ = {
			isa = PBXGroup;
			children = (
			);
			name = Products;
			sourceTree = "<group>";
		};
		F6BEFB641A7295E5007214AC /* Build All Tests */ = {
			isa = PBXGroup;
			children = (
				F6BEFB651A7295E5007214AC /* Supporting Files */,
			);
			path = "Build All Tests";
			sourceTree = "<group>";
		};
		F6BEFB651A7295E5007214AC /* Supporting Files */ = {
			isa = PBXGroup;
			children = (
				F6BEFB661A7295E5007214AC /* Info.plist */,
			);
			name = "Supporting Files";
			sourceTree = "<group>";
		};
/* End PBXGroup section */

/* Begin PBXProject section */
		F67742CC1A697A8900AA2F0E /* Project object */ = {
			isa = PBXProject;
			attributes = {
				LastUpgradeCheck = 0910;
				TargetAttributes = {
					F63B9D381A8CA6F200774106 = {
						CreatedOnToolsVersion = 6.1.1;
					};
					F63FF8721A8B6C6F0071B8B5 = {
						CreatedOnToolsVersion = 6.1.1;
					};
					F64A013D1AD6A4110003CFDA = {
						CreatedOnToolsVersion = 6.2;
					};
					F64A01411AD6A41C0003CFDA = {
						CreatedOnToolsVersion = 6.2;
					};
					F64A01451AD6A44C0003CFDA = {
						CreatedOnToolsVersion = 6.2;
					};
					F64A01491AD6A4570003CFDA = {
						CreatedOnToolsVersion = 6.2;
					};
					F67742D21A697AC100AA2F0E = {
						CreatedOnToolsVersion = 6.1.1;
					};
				};
			};
			buildConfigurationList = F67742CF1A697A8900AA2F0E /* Build configuration list for PBXProject "Build Libs" */;
			compatibilityVersion = "Xcode 3.2";
			developmentRegion = English;
			hasScannedForEncodings = 0;
			knownRegions = (
				en,
			);
			mainGroup = F67742CB1A697A8900AA2F0E;
			productRefGroup = F6BEFB631A7295E5007214AC /* Products */;
			projectDirPath = "";
			projectRoot = "";
			targets = (
				F64A013D1AD6A4110003CFDA /* Build */,
				F64A01411AD6A41C0003CFDA /* Build Selector */,
				F64A01451AD6A44C0003CFDA /* Build Debug */,
				F64A01491AD6A4570003CFDA /* Build Selector Debug */,
				F67742D21A697AC100AA2F0E /* Build All */,
				F63FF8721A8B6C6F0071B8B5 /* Build Debug All */,
				F63B9D381A8CA6F200774106 /* Test All */,
			);
		};
/* End PBXProject section */

/* Begin PBXShellScriptBuildPhase section */
		F638BD331A6D108700E26790 /* ShellScript */ = {
			isa = PBXShellScriptBuildPhase;
			buildActionMask = 2147483647;
			files = (
			);
			inputPaths = (
			);
			outputPaths = (
			);
			runOnlyForDeploymentPostprocessing = 0;
			shellPath = /bin/sh;
			shellScript = "xcodebuild -project \"Build Libs.xcodeproj\" -target 'Build' clean build\nxcodebuild -project \"Build Libs.xcodeproj\" -target 'Build Selector' clean build";
		};
		F63B9D3C1A8CA6FE00774106 /* ShellScript */ = {
			isa = PBXShellScriptBuildPhase;
			buildActionMask = 2147483647;
			files = (
			);
			inputPaths = (
			);
			outputPaths = (
			);
			runOnlyForDeploymentPostprocessing = 0;
			shellPath = /bin/sh;
			shellScript = "cd ../..\nsh scripts/build_and_test.sh";
		};
		F63FF8771A8B6D430071B8B5 /* ShellScript */ = {
			isa = PBXShellScriptBuildPhase;
			buildActionMask = 2147483647;
			files = (
			);
			inputPaths = (
			);
			outputPaths = (
			);
			runOnlyForDeploymentPostprocessing = 0;
			shellPath = /bin/sh;
			shellScript = "xcodebuild -project \"Build Libs.xcodeproj\" -target 'Build Debug' clean build\nxcodebuild -project \"Build Libs.xcodeproj\" -target 'Build Selector Debug' clean build\n";
		};
		F64A014D1AD6A47C0003CFDA /* ShellScript */ = {
			isa = PBXShellScriptBuildPhase;
			buildActionMask = 2147483647;
			files = (
			);
			inputPaths = (
			);
			outputPaths = (
			);
			runOnlyForDeploymentPostprocessing = 0;
			shellPath = /bin/sh;
			shellScript = "rm -rf ../../build/\nmkdir ../../build\n\ncd ../common-iOS\nxcodebuild -project \"common-iOS.xcodeproj\" -target 'common-iOS-build' clean build\n\ncd ../../build\n\n\ntar -cvzf xem-libs-ios.tgz ./*\n                                   \n                                   \n                                   INSTALL_DIR=XivelySDK.framework\n                                   mkdir -p ${INSTALL_DIR}\n                                   mkdir -p ${INSTALL_DIR}/Versions\n                                   mkdir -p ${INSTALL_DIR}/Versions/A\n                                   mkdir -p ${INSTALL_DIR}/Versions/A/Headers\n                                   mkdir -p ${INSTALL_DIR}/Versions/A/Resources\n                                   \n                                   cp -rf ./include/XivelySDK/ ${INSTALL_DIR}/Versions/A/Headers/\n                                   \n                                   libtool ./libxivelycommon-iOS.a -o ./XivelySDK\n                                   \n                                   \n                                   \n                                   cp  ./XivelySDK ${INSTALL_DIR}/Versions/A/XivelySDK\n                                   \n                                   #create relative symbolic link.\n                                   cd ${INSTALL_DIR}\n                                   \n                                   #link\n                                   ln -s A Versions/Current\n                                   ln -s Versions/A/XivelySDK XivelySDK\n                                   ln -s Versions/A/Resources Resources\n                                   ln -s Versions/A/Headers Headers\n                                   \n                                   cd ..\n                                   \n                                   tar -cvzf xem-framework-ios.tgz ./XivelySDK.framework/*\n                                   #tar -cvzf xem-ios.tgz ./*.tgz\n                                   \n";
		};
		F64A014E1AD6A4900003CFDA /* ShellScript */ = {
			isa = PBXShellScriptBuildPhase;
			buildActionMask = 2147483647;
			files = (
			);
			inputPaths = (
			);
			outputPaths = (
			);
			runOnlyForDeploymentPostprocessing = 0;
			shellPath = /bin/sh;
			shellScript = "rm -rf ../../build-selector/\nmkdir ../../build-selector\n\ncd ../common-iOS\nxcodebuild -project \"common-iOS.xcodeproj\" -target 'common-iOS-selector-build' clean build\n\ncd ../../build-selector\n\n\ntar -cvzf xem-libs-ios-selector.tgz ./*\n                                 \n                                 INSTALL_DIR=XivelySDK.framework\n                                 mkdir -p ${INSTALL_DIR}\n                                 mkdir -p ${INSTALL_DIR}/Versions\n                                 mkdir -p ${INSTALL_DIR}/Versions/A\n                                 mkdir -p ${INSTALL_DIR}/Versions/A/Headers\n                                 mkdir -p ${INSTALL_DIR}/Versions/A/Resources\n                                 \n                                 cp -rf ./include/XivelySDK/ ${INSTALL_DIR}/Versions/A/Headers/\n                                 \n                                 libtool ./libxivelycommon-iOS.a -o ./XivelySDK\n                                 \n                                 \n                                 \n                                 cp  ./XivelySDK ${INSTALL_DIR}/Versions/A/XivelySDK\n                                 \n                                 #create relative symbolic link.\n                                 cd ${INSTALL_DIR}\n                                 \n                                 #link\n                                 ln -s A Versions/Current\n                                 ln -s Versions/A/XivelySDK XivelySDK\n                                 ln -s Versions/A/Resources Resources\n                                 ln -s Versions/A/Headers Headers\n                                 \n                                 cd ..\n                                 \n                                 tar -cvzf xem-framework-ios-selector.tgz ./XivelySDK.framework/*\n                                 #tar -cvzf xem-ios.tgz ./*.tgz\n                                 \n                                 \n                                 \n";
		};
		F64A014F1AD6A5130003CFDA /* ShellScript */ = {
			isa = PBXShellScriptBuildPhase;
			buildActionMask = 2147483647;
			files = (
			);
			inputPaths = (
			);
			outputPaths = (
			);
			runOnlyForDeploymentPostprocessing = 0;
			shellPath = /bin/sh;
			shellScript = "rm -rf ../../build-debug/\nmkdir ../../build-debug\n\ncd ../common-iOS\nxcodebuild -project \"common-iOS.xcodeproj\" -target 'common-iOS-debug-build' clean build\n\ncd ../../build-debug\n\ntar -cvzf xem-libs-ios-debug.tgz ./*\n                                   \n                                   \n                                   INSTALL_DIR=XivelySDK.framework\n                                   mkdir -p ${INSTALL_DIR}\n                                   mkdir -p ${INSTALL_DIR}/Versions\n                                   mkdir -p ${INSTALL_DIR}/Versions/A\n                                   mkdir -p ${INSTALL_DIR}/Versions/A/Headers\n                                   mkdir -p ${INSTALL_DIR}/Versions/A/Resources\n                                   \n                                   cp -rf ./include/XivelySDK/ ${INSTALL_DIR}/Versions/A/Headers/\n                                   \n                                   libtool ./libxivelycommon-iOS.a -o ./XivelySDK\n                                   \n                                   \n                                   \n                                   cp  ./XivelySDK ${INSTALL_DIR}/Versions/A/XivelySDK\n                                   \n                                   #create relative symbolic link.\n                                   cd ${INSTALL_DIR}\n                                   \n                                   #link\n                                   ln -s A Versions/Current\n                                   ln -s Versions/A/XivelySDK XivelySDK\n                                   ln -s Versions/A/Resources Resources\n                                   ln -s Versions/A/Headers Headers\n                                   \n                                   cd ..\n                                   \n                                   tar -cvzf xem-framework-ios-debug.tgz ./XivelySDK.framework/*\n                                   #tar -cvzf xem-ios.tgz ./*.tgz\n                                   \n";
		};
		F64A01501AD6A57B0003CFDA /* ShellScript */ = {
			isa = PBXShellScriptBuildPhase;
			buildActionMask = 2147483647;
			files = (
			);
			inputPaths = (
			);
			outputPaths = (
			);
			runOnlyForDeploymentPostprocessing = 0;
			shellPath = /bin/sh;
			shellScript = "rm -rf ../../build-selector-debug/\nmkdir ../../build-selector-debug\n\ncd ../common-iOS\nxcodebuild -project \"common-iOS.xcodeproj\" -target 'common-iOS-selector-debug-build' clean build\n\ncd ../../build-selector-debug\n\n\ntar -cvzf xem-libs-ios-selector-debug.tgz ./*\n                                 \n                                 INSTALL_DIR=XivelySDK.framework\n                                 mkdir -p ${INSTALL_DIR}\n                                 mkdir -p ${INSTALL_DIR}/Versions\n                                 mkdir -p ${INSTALL_DIR}/Versions/A\n                                 mkdir -p ${INSTALL_DIR}/Versions/A/Headers\n                                 mkdir -p ${INSTALL_DIR}/Versions/A/Resources\n                                 \n                                 cp -rf ./include/XivelySDK/ ${INSTALL_DIR}/Versions/A/Headers/\n                                 \n                                 libtool ./libxivelycommon-iOS.a -o ./XivelySDK\n                                 \n                                 \n                                 \n                                 cp  ./XivelySDK ${INSTALL_DIR}/Versions/A/XivelySDK\n                                 \n                                 #create relative symbolic link.\n                                 cd ${INSTALL_DIR}\n                                 \n                                 #link\n                                 ln -s A Versions/Current\n                                 ln -s Versions/A/XivelySDK XivelySDK\n                                 ln -s Versions/A/Resources Resources\n                                 ln -s Versions/A/Headers Headers\n                                 \n                                 cd ..\n                                 \n                                 tar -cvzf xem-framework-ios-selector-debug.tgz ./XivelySDK.framework/*\n                                 #tar -cvzf xem-ios.tgz ./*.tgz\n                                 \n                                 \n                                 \n";
		};
/* End PBXShellScriptBuildPhase section */

/* Begin XCBuildConfiguration section */
		F63B9D391A8CA6F200774106 /* Debug */ = {
			isa = XCBuildConfiguration;
			buildSettings = {
				IPHONEOS_DEPLOYMENT_TARGET = 8.0;
				PRODUCT_NAME = "$(TARGET_NAME)";
				SDKROOT = iphoneos;
			};
			name = Debug;
		};
		F63B9D3A1A8CA6F200774106 /* Release */ = {
			isa = XCBuildConfiguration;
			buildSettings = {
				IPHONEOS_DEPLOYMENT_TARGET = 8.0;
				PRODUCT_NAME = "$(TARGET_NAME)";
				SDKROOT = iphoneos;
			};
			name = Release;
		};
		F63FF8731A8B6C6F0071B8B5 /* Debug */ = {
			isa = XCBuildConfiguration;
			buildSettings = {
				PRODUCT_NAME = "$(TARGET_NAME)";
				SDKROOT = iphoneos;
			};
			name = Debug;
		};
		F63FF8741A8B6C6F0071B8B5 /* Release */ = {
			isa = XCBuildConfiguration;
			buildSettings = {
				PRODUCT_NAME = "$(TARGET_NAME)";
				SDKROOT = iphoneos;
			};
			name = Release;
		};
		F64A013F1AD6A4110003CFDA /* Debug */ = {
			isa = XCBuildConfiguration;
			buildSettings = {
				PRODUCT_NAME = "$(TARGET_NAME)";
			};
			name = Debug;
		};
		F64A01401AD6A4110003CFDA /* Release */ = {
			isa = XCBuildConfiguration;
			buildSettings = {
				PRODUCT_NAME = "$(TARGET_NAME)";
			};
			name = Release;
		};
		F64A01431AD6A41C0003CFDA /* Debug */ = {
			isa = XCBuildConfiguration;
			buildSettings = {
				PRODUCT_NAME = "$(TARGET_NAME)";
			};
			name = Debug;
		};
		F64A01441AD6A41C0003CFDA /* Release */ = {
			isa = XCBuildConfiguration;
			buildSettings = {
				PRODUCT_NAME = "$(TARGET_NAME)";
			};
			name = Release;
		};
		F64A01471AD6A44C0003CFDA /* Debug */ = {
			isa = XCBuildConfiguration;
			buildSettings = {
				PRODUCT_NAME = "$(TARGET_NAME)";
			};
			name = Debug;
		};
		F64A01481AD6A44C0003CFDA /* Release */ = {
			isa = XCBuildConfiguration;
			buildSettings = {
				PRODUCT_NAME = "$(TARGET_NAME)";
			};
			name = Release;
		};
		F64A014B1AD6A4570003CFDA /* Debug */ = {
			isa = XCBuildConfiguration;
			buildSettings = {
				PRODUCT_NAME = "$(TARGET_NAME)";
			};
			name = Debug;
		};
		F64A014C1AD6A4570003CFDA /* Release */ = {
			isa = XCBuildConfiguration;
			buildSettings = {
				PRODUCT_NAME = "$(TARGET_NAME)";
			};
			name = Release;
		};
		F67742D01A697A8900AA2F0E /* Debug */ = {
			isa = XCBuildConfiguration;
			baseConfigurationReference = F6F6F6001A6D2CFD0012C87E /* xem-sdk.xcconfig */;
			buildSettings = {
				CLANG_WARN_BLOCK_CAPTURE_AUTORELEASING = YES;
				CLANG_WARN_BOOL_CONVERSION = YES;
				CLANG_WARN_COMMA = YES;
				CLANG_WARN_CONSTANT_CONVERSION = YES;
				CLANG_WARN_EMPTY_BODY = YES;
				CLANG_WARN_ENUM_CONVERSION = YES;
				CLANG_WARN_INFINITE_RECURSION = YES;
				CLANG_WARN_INT_CONVERSION = YES;
				CLANG_WARN_NON_LITERAL_NULL_CONVERSION = YES;
				CLANG_WARN_OBJC_LITERAL_CONVERSION = YES;
				CLANG_WARN_RANGE_LOOP_ANALYSIS = YES;
				CLANG_WARN_STRICT_PROTOTYPES = YES;
				CLANG_WARN_SUSPICIOUS_MOVE = YES;
				CLANG_WARN_UNREACHABLE_CODE = YES;
				CLANG_WARN__DUPLICATE_METHOD_MATCH = YES;
				ENABLE_STRICT_OBJC_MSGSEND = YES;
				ENABLE_TESTABILITY = YES;
				GCC_NO_COMMON_BLOCKS = YES;
				GCC_WARN_64_TO_32_BIT_CONVERSION = YES;
				GCC_WARN_ABOUT_RETURN_TYPE = YES;
				GCC_WARN_UNDECLARED_SELECTOR = YES;
				GCC_WARN_UNINITIALIZED_AUTOS = YES;
				GCC_WARN_UNUSED_FUNCTION = YES;
				GCC_WARN_UNUSED_VARIABLE = YES;
				ONLY_ACTIVE_ARCH = YES;
			};
			name = Debug;
		};
		F67742D11A697A8900AA2F0E /* Release */ = {
			isa = XCBuildConfiguration;
			baseConfigurationReference = F6F6F6001A6D2CFD0012C87E /* xem-sdk.xcconfig */;
			buildSettings = {
				CLANG_WARN_BLOCK_CAPTURE_AUTORELEASING = YES;
				CLANG_WARN_BOOL_CONVERSION = YES;
				CLANG_WARN_COMMA = YES;
				CLANG_WARN_CONSTANT_CONVERSION = YES;
				CLANG_WARN_EMPTY_BODY = YES;
				CLANG_WARN_ENUM_CONVERSION = YES;
				CLANG_WARN_INFINITE_RECURSION = YES;
				CLANG_WARN_INT_CONVERSION = YES;
				CLANG_WARN_NON_LITERAL_NULL_CONVERSION = YES;
				CLANG_WARN_OBJC_LITERAL_CONVERSION = YES;
				CLANG_WARN_RANGE_LOOP_ANALYSIS = YES;
				CLANG_WARN_STRICT_PROTOTYPES = YES;
				CLANG_WARN_SUSPICIOUS_MOVE = YES;
				CLANG_WARN_UNREACHABLE_CODE = YES;
				CLANG_WARN__DUPLICATE_METHOD_MATCH = YES;
				ENABLE_STRICT_OBJC_MSGSEND = YES;
				GCC_NO_COMMON_BLOCKS = YES;
				GCC_WARN_64_TO_32_BIT_CONVERSION = YES;
				GCC_WARN_ABOUT_RETURN_TYPE = YES;
				GCC_WARN_UNDECLARED_SELECTOR = YES;
				GCC_WARN_UNINITIALIZED_AUTOS = YES;
				GCC_WARN_UNUSED_FUNCTION = YES;
				GCC_WARN_UNUSED_VARIABLE = YES;
			};
			name = Release;
		};
		F67742D41A697AC100AA2F0E /* Debug */ = {
			isa = XCBuildConfiguration;
			baseConfigurationReference = F6F6F6001A6D2CFD0012C87E /* xem-sdk.xcconfig */;
			buildSettings = {
				PRODUCT_NAME = "$(TARGET_NAME)";
				SDKROOT = iphoneos;
			};
			name = Debug;
		};
		F67742D51A697AC100AA2F0E /* Release */ = {
			isa = XCBuildConfiguration;
			baseConfigurationReference = F6F6F6001A6D2CFD0012C87E /* xem-sdk.xcconfig */;
			buildSettings = {
				PRODUCT_NAME = "$(TARGET_NAME)";
				SDKROOT = iphoneos;
			};
			name = Release;
		};
/* End XCBuildConfiguration section */

/* Begin XCConfigurationList section */
		F63B9D3B1A8CA6F200774106 /* Build configuration list for PBXAggregateTarget "Test All" */ = {
			isa = XCConfigurationList;
			buildConfigurations = (
				F63B9D391A8CA6F200774106 /* Debug */,
				F63B9D3A1A8CA6F200774106 /* Release */,
			);
			defaultConfigurationIsVisible = 0;
			defaultConfigurationName = Release;
		};
		F63FF8751A8B6C6F0071B8B5 /* Build configuration list for PBXAggregateTarget "Build Debug All" */ = {
			isa = XCConfigurationList;
			buildConfigurations = (
				F63FF8731A8B6C6F0071B8B5 /* Debug */,
				F63FF8741A8B6C6F0071B8B5 /* Release */,
			);
			defaultConfigurationIsVisible = 0;
			defaultConfigurationName = Release;
		};
		F64A013E1AD6A4110003CFDA /* Build configuration list for PBXAggregateTarget "Build" */ = {
			isa = XCConfigurationList;
			buildConfigurations = (
				F64A013F1AD6A4110003CFDA /* Debug */,
				F64A01401AD6A4110003CFDA /* Release */,
			);
			defaultConfigurationIsVisible = 0;
			defaultConfigurationName = Release;
		};
		F64A01421AD6A41C0003CFDA /* Build configuration list for PBXAggregateTarget "Build Selector" */ = {
			isa = XCConfigurationList;
			buildConfigurations = (
				F64A01431AD6A41C0003CFDA /* Debug */,
				F64A01441AD6A41C0003CFDA /* Release */,
			);
			defaultConfigurationIsVisible = 0;
			defaultConfigurationName = Release;
		};
		F64A01461AD6A44C0003CFDA /* Build configuration list for PBXAggregateTarget "Build Debug" */ = {
			isa = XCConfigurationList;
			buildConfigurations = (
				F64A01471AD6A44C0003CFDA /* Debug */,
				F64A01481AD6A44C0003CFDA /* Release */,
			);
			defaultConfigurationIsVisible = 0;
			defaultConfigurationName = Release;
		};
		F64A014A1AD6A4570003CFDA /* Build configuration list for PBXAggregateTarget "Build Selector Debug" */ = {
			isa = XCConfigurationList;
			buildConfigurations = (
				F64A014B1AD6A4570003CFDA /* Debug */,
				F64A014C1AD6A4570003CFDA /* Release */,
			);
			defaultConfigurationIsVisible = 0;
			defaultConfigurationName = Release;
		};
		F67742CF1A697A8900AA2F0E /* Build configuration list for PBXProject "Build Libs" */ = {
			isa = XCConfigurationList;
			buildConfigurations = (
				F67742D01A697A8900AA2F0E /* Debug */,
				F67742D11A697A8900AA2F0E /* Release */,
			);
			defaultConfigurationIsVisible = 0;
			defaultConfigurationName = Release;
		};
		F67742D31A697AC100AA2F0E /* Build configuration list for PBXAggregateTarget "Build All" */ = {
			isa = XCConfigurationList;
			buildConfigurations = (
				F67742D41A697AC100AA2F0E /* Debug */,
				F67742D51A697AC100AA2F0E /* Release */,
			);
			defaultConfigurationIsVisible = 0;
			defaultConfigurationName = Release;
		};
/* End XCConfigurationList section */
	};
	rootObject = F67742CC1A697A8900AA2F0E /* Project object */;
}
